Microsoft Visual Studio Solution File, Format Version 12.00
# Visual Studio 15
VisualStudioVersion = 15.0.27004.2006
MinimumVisualStudioVersion = 15.0.26124.0
Project("{2150E333-8FDC-42A3-9474-1A3956D46DE8}") = "src", "src", "{50927DF4-336C-4EFF-BAFE-F2BD0037CD41}"
EndProject
Project("{9A19103F-16F7-4668-BE54-9A1E7A4F7556}") = "Telegram.Bot.Extensions.MessageFilters", "src\Telegram.Bot.Extensions.MessageFilters\Telegram.Bot.Extensions.MessageFilters.csproj", "{86BE1146-8421-41A4-BB1E-3A1A0105D037}"
EndProject
Project("{FAE04EC0-301F-11D3-BF4B-00C04F79EFBC}") = "CompiledFilters", "CompiledFilters\CompiledFilters.csproj", "{118CEF0B-9F12-4A9D-8103-5281869F48DF}"
EndProject
Project("{FAE04EC0-301F-11D3-BF4B-00C04F79EFBC}") = "RandomTestingAgain", "RandomTestingAgain\RandomTestingAgain.csproj", "{C5D725CB-8F6B-4D6F-9290-99299D2DD481}"
EndProject
Global
	GlobalSection(SolutionConfigurationPlatforms) = preSolution
		Debug|Any CPU = Debug|Any CPU
		Debug|x64 = Debug|x64
		Debug|x86 = Debug|x86
		Release|Any CPU = Release|Any CPU
		Release|x64 = Release|x64
		Release|x86 = Release|x86
	EndGlobalSection
	GlobalSection(ProjectConfigurationPlatforms) = postSolution
		{86BE1146-8421-41A4-BB1E-3A1A0105D037}.Debug|Any CPU.ActiveCfg = Debug|Any CPU
		{86BE1146-8421-41A4-BB1E-3A1A0105D037}.Debug|Any CPU.Build.0 = Debug|Any CPU
		{86BE1146-8421-41A4-BB1E-3A1A0105D037}.Debug|x64.ActiveCfg = Debug|Any CPU
		{86BE1146-8421-41A4-BB1E-3A1A0105D037}.Debug|x64.Build.0 = Debug|Any CPU
		{86BE1146-8421-41A4-BB1E-3A1A0105D037}.Debug|x86.ActiveCfg = Debug|Any CPU
		{86BE1146-8421-41A4-BB1E-3A1A0105D037}.Debug|x86.Build.0 = Debug|Any CPU
		{86BE1146-8421-41A4-BB1E-3A1A0105D037}.Release|Any CPU.ActiveCfg = Release|Any CPU
		{86BE1146-8421-41A4-BB1E-3A1A0105D037}.Release|Any CPU.Build.0 = Release|Any CPU
		{86BE1146-8421-41A4-BB1E-3A1A0105D037}.Release|x64.ActiveCfg = Release|Any CPU
		{86BE1146-8421-41A4-BB1E-3A1A0105D037}.Release|x64.Build.0 = Release|Any CPU
		{86BE1146-8421-41A4-BB1E-3A1A0105D037}.Release|x86.ActiveCfg = Release|Any CPU
		{86BE1146-8421-41A4-BB1E-3A1A0105D037}.Release|x86.Build.0 = Release|Any CPU
		{118CEF0B-9F12-4A9D-8103-5281869F48DF}.Debug|Any CPU.ActiveCfg = Debug|Any CPU
		{118CEF0B-9F12-4A9D-8103-5281869F48DF}.Debug|Any CPU.Build.0 = Debug|Any CPU
		{118CEF0B-9F12-4A9D-8103-5281869F48DF}.Debug|x64.ActiveCfg = Debug|Any CPU
		{118CEF0B-9F12-4A9D-8103-5281869F48DF}.Debug|x64.Build.0 = Debug|Any CPU
		{118CEF0B-9F12-4A9D-8103-5281869F48DF}.Debug|x86.ActiveCfg = Debug|Any CPU
		{118CEF0B-9F12-4A9D-8103-5281869F48DF}.Debug|x86.Build.0 = Debug|Any CPU
		{118CEF0B-9F12-4A9D-8103-5281869F48DF}.Release|Any CPU.ActiveCfg = Release|Any CPU
		{118CEF0B-9F12-4A9D-8103-5281869F48DF}.Release|Any CPU.Build.0 = Release|Any CPU
		{118CEF0B-9F12-4A9D-8103-5281869F48DF}.Release|x64.ActiveCfg = Release|Any CPU
		{118CEF0B-9F12-4A9D-8103-5281869F48DF}.Release|x64.Build.0 = Release|Any CPU
		{118CEF0B-9F12-4A9D-8103-5281869F48DF}.Release|x86.ActiveCfg = Release|Any CPU
		{118CEF0B-9F12-4A9D-8103-5281869F48DF}.Release|x86.Build.0 = Release|Any CPU
		{C5D725CB-8F6B-4D6F-9290-99299D2DD481}.Debug|Any CPU.ActiveCfg = Debug|Any CPU
		{C5D725CB-8F6B-4D6F-9290-99299D2DD481}.Debug|Any CPU.Build.0 = Debug|Any CPU
		{C5D725CB-8F6B-4D6F-9290-99299D2DD481}.Debug|x64.ActiveCfg = Debug|Any CPU
		{C5D725CB-8F6B-4D6F-9290-99299D2DD481}.Debug|x64.Build.0 = Debug|Any CPU
		{C5D725CB-8F6B-4D6F-9290-99299D2DD481}.Debug|x86.ActiveCfg = Debug|Any CPU
		{C5D725CB-8F6B-4D6F-9290-99299D2DD481}.Debug|x86.Build.0 = Debug|Any CPU
		{C5D725CB-8F6B-4D6F-9290-99299D2DD481}.Release|Any CPU.ActiveCfg = Release|Any CPU
		{C5D725CB-8F6B-4D6F-9290-99299D2DD481}.Release|Any CPU.Build.0 = Release|Any CPU
		{C5D725CB-8F6B-4D6F-9290-99299D2DD481}.Release|x64.ActiveCfg = Release|Any CPU
		{C5D725CB-8F6B-4D6F-9290-99299D2DD481}.Release|x64.Build.0 = Release|Any CPU
		{C5D725CB-8F6B-4D6F-9290-99299D2DD481}.Release|x86.ActiveCfg = Release|Any CPU
		{C5D725CB-8F6B-4D6F-9290-99299D2DD481}.Release|x86.Build.0 = Release|Any CPU
	EndGlobalSection
	GlobalSection(SolutionProperties) = preSolution
		HideSolutionNode = FALSE
	EndGlobalSection
	GlobalSection(NestedProjects) = preSolution
		{86BE1146-8421-41A4-BB1E-3A1A0105D037} = {50927DF4-336C-4EFF-BAFE-F2BD0037CD41}
		{118CEF0B-9F12-4A9D-8103-5281869F48DF} = {50927DF4-336C-4EFF-BAFE-F2BD0037CD41}
		{C5D725CB-8F6B-4D6F-9290-99299D2DD481} = {50927DF4-336C-4EFF-BAFE-F2BD0037CD41}
	EndGlobalSection
	GlobalSection(ExtensibilityGlobals) = postSolution
		SolutionGuid = {1D475535-2919-447E-8969-BA91433278C0}
	EndGlobalSection
EndGlobal
