Microsoft Visual Studio Solution File, Format Version 12.00
# Visual Studio 15
VisualStudioVersion = 15.0.27004.2006
MinimumVisualStudioVersion = 15.0.26124.0
Project("{2150E333-8FDC-42A3-9474-1A3956D46DE8}") = "src", "src", "{50927DF4-336C-4EFF-BAFE-F2BD0037CD41}"
EndProject
Project("{9A19103F-16F7-4668-BE54-9A1E7A4F7556}") = "Telegram.Bot.Extensions.Filters", "src\Telegram.Bot.Extensions.Filters\Telegram.Bot.Extensions.Filters.csproj", "{86BE1146-8421-41A4-BB1E-3A1A0105D037}"
EndProject
Project("{2150E333-8FDC-42A3-9474-1A3956D46DE8}") = "test", "test", "{6A3E33B5-5272-49C9-8A0B-417741C0E19C}"
EndProject
Project("{FAE04EC0-301F-11D3-BF4B-00C04F79EFBC}") = "Telegram.Bot.Extensions.Filters.Tests", "test\Telegram.Bot.Extensions.Filters.Tests\Telegram.Bot.Extensions.Filters.Tests.csproj", "{167660B9-C645-4E8F-B639-0025F6856B7B}"
EndProject
Global
	GlobalSection(SolutionConfigurationPlatforms) = preSolution
		Debug|Any CPU = Debug|Any CPU
		Debug|x64 = Debug|x64
		Debug|x86 = Debug|x86
		Release|Any CPU = Release|Any CPU
		Release|x64 = Release|x64
		Release|x86 = Release|x86
	EndGlobalSection
	GlobalSection(ProjectConfigurationPlatforms) = postSolution
		{86BE1146-8421-41A4-BB1E-3A1A0105D037}.Debug|Any CPU.ActiveCfg = Debug|Any CPU
		{86BE1146-8421-41A4-BB1E-3A1A0105D037}.Debug|Any CPU.Build.0 = Debug|Any CPU
		{86BE1146-8421-41A4-BB1E-3A1A0105D037}.Debug|x64.ActiveCfg = Debug|Any CPU
		{86BE1146-8421-41A4-BB1E-3A1A0105D037}.Debug|x64.Build.0 = Debug|Any CPU
		{86BE1146-8421-41A4-BB1E-3A1A0105D037}.Debug|x86.ActiveCfg = Debug|Any CPU
		{86BE1146-8421-41A4-BB1E-3A1A0105D037}.Debug|x86.Build.0 = Debug|Any CPU
		{86BE1146-8421-41A4-BB1E-3A1A0105D037}.Release|Any CPU.ActiveCfg = Release|Any CPU
		{86BE1146-8421-41A4-BB1E-3A1A0105D037}.Release|Any CPU.Build.0 = Release|Any CPU
		{86BE1146-8421-41A4-BB1E-3A1A0105D037}.Release|x64.ActiveCfg = Release|Any CPU
		{86BE1146-8421-41A4-BB1E-3A1A0105D037}.Release|x64.Build.0 = Release|Any CPU
		{86BE1146-8421-41A4-BB1E-3A1A0105D037}.Release|x86.ActiveCfg = Release|Any CPU
		{86BE1146-8421-41A4-BB1E-3A1A0105D037}.Release|x86.Build.0 = Release|Any CPU
		{167660B9-C645-4E8F-B639-0025F6856B7B}.Debug|Any CPU.ActiveCfg = Debug|Any CPU
		{167660B9-C645-4E8F-B639-0025F6856B7B}.Debug|Any CPU.Build.0 = Debug|Any CPU
		{167660B9-C645-4E8F-B639-0025F6856B7B}.Debug|x64.ActiveCfg = Debug|x64
		{167660B9-C645-4E8F-B639-0025F6856B7B}.Debug|x64.Build.0 = Debug|x64
		{167660B9-C645-4E8F-B639-0025F6856B7B}.Debug|x86.ActiveCfg = Debug|x86
		{167660B9-C645-4E8F-B639-0025F6856B7B}.Debug|x86.Build.0 = Debug|x86
		{167660B9-C645-4E8F-B639-0025F6856B7B}.Release|Any CPU.ActiveCfg = Release|Any CPU
		{167660B9-C645-4E8F-B639-0025F6856B7B}.Release|Any CPU.Build.0 = Release|Any CPU
		{167660B9-C645-4E8F-B639-0025F6856B7B}.Release|x64.ActiveCfg = Release|x64
		{167660B9-C645-4E8F-B639-0025F6856B7B}.Release|x64.Build.0 = Release|x64
		{167660B9-C645-4E8F-B639-0025F6856B7B}.Release|x86.ActiveCfg = Release|x86
		{167660B9-C645-4E8F-B639-0025F6856B7B}.Release|x86.Build.0 = Release|x86
	EndGlobalSection
	GlobalSection(SolutionProperties) = preSolution
		HideSolutionNode = FALSE
	EndGlobalSection
	GlobalSection(NestedProjects) = preSolution
		{86BE1146-8421-41A4-BB1E-3A1A0105D037} = {50927DF4-336C-4EFF-BAFE-F2BD0037CD41}
		{167660B9-C645-4E8F-B639-0025F6856B7B} = {6A3E33B5-5272-49C9-8A0B-417741C0E19C}
	EndGlobalSection
	GlobalSection(ExtensibilityGlobals) = postSolution
		SolutionGuid = {1D475535-2919-447E-8969-BA91433278C0}
	EndGlobalSection
EndGlobal
